
Microsoft Visual Studio Solution File, Format Version 12.00
# Visual Studio Version 16
VisualStudioVersion = 16.0.32228.343
MinimumVisualStudioVersion = 10.0.40219.1
Project("{9A19103F-16F7-4668-BE54-9A1E7A4F7556}") = "EduHome_Asp.net", "EduHome_Asp.net\EduHome_Asp.net.csproj", "{84EFBBDB-FA8E-43A0-9716-FCEAF8ED7FFE}"
EndProject
Global
	GlobalSection(SolutionConfigurationPlatforms) = preSolution
		Debug|Any CPU = Debug|Any CPU
		Release|Any CPU = Release|Any CPU
	EndGlobalSection
	GlobalSection(ProjectConfigurationPlatforms) = postSolution
		{84EFBBDB-FA8E-43A0-9716-FCEAF8ED7FFE}.Debug|Any CPU.ActiveCfg = Debug|Any CPU
		{84EFBBDB-FA8E-43A0-9716-FCEAF8ED7FFE}.Debug|Any CPU.Build.0 = Debug|Any CPU
		{84EFBBDB-FA8E-43A0-9716-FCEAF8ED7FFE}.Release|Any CPU.ActiveCfg = Release|Any CPU
		{84EFBBDB-FA8E-43A0-9716-FCEAF8ED7FFE}.Release|Any CPU.Build.0 = Release|Any CPU
	EndGlobalSection
	GlobalSection(SolutionProperties) = preSolution
		HideSolutionNode = FALSE
	EndGlobalSection
	GlobalSection(ExtensibilityGlobals) = postSolution
		SolutionGuid = {F1AADDD3-4CCF-4521-B797-568041B2F1B1}
	EndGlobalSection
EndGlobal
